
Microsoft Visual Studio Solution File, Format Version 12.00
# Visual Studio Version 16
VisualStudioVersion = 16.0.29209.152
MinimumVisualStudioVersion = 10.0.40219.1
Project("{9A19103F-16F7-4668-BE54-9A1E7A4F7556}") = "client", "client.csproj", "{0AE0468F-7A7D-471C-A8B5-9C6D209E17BE}"
EndProject
Global
	GlobalSection(SolutionConfigurationPlatforms) = preSolution
		Debug|Any CPU = Debug|Any CPU
		Release|Any CPU = Release|Any CPU
	EndGlobalSection
	GlobalSection(ProjectConfigurationPlatforms) = postSolution
		{0AE0468F-7A7D-471C-A8B5-9C6D209E17BE}.Debug|Any CPU.ActiveCfg = Debug|Any CPU
		{0AE0468F-7A7D-471C-A8B5-9C6D209E17BE}.Debug|Any CPU.Build.0 = Debug|Any CPU
		{0AE0468F-7A7D-471C-A8B5-9C6D209E17BE}.Release|Any CPU.ActiveCfg = Release|Any CPU
		{0AE0468F-7A7D-471C-A8B5-9C6D209E17BE}.Release|Any CPU.Build.0 = Release|Any CPU
	EndGlobalSection
	GlobalSection(SolutionProperties) = preSolution
		HideSolutionNode = FALSE
	EndGlobalSection
	GlobalSection(ExtensibilityGlobals) = postSolution
		SolutionGuid = {6EF6FC2A-F3A8-4C39-B389-CF7EA8E1AF60}
	EndGlobalSection
EndGlobal
